
Microsoft Visual Studio Solution File, Format Version 12.00
# Visual Studio 15
VisualStudioVersion = 15.0.27703.2035
MinimumVisualStudioVersion = 10.0.40219.1
Project("{9A19103F-16F7-4668-BE54-9A1E7A4F7556}") = "Code2_1.Configuration", "Code2_1.Configuration\Code2_1.Configuration.csproj", "{70A2B083-E960-4BBC-978D-FA5804C58D7A}"
EndProject
Project("{9A19103F-16F7-4668-BE54-9A1E7A4F7556}") = "WebApp", "WebApp\WebApp.csproj", "{3099097E-CD3E-4F49-BB99-A935A180140A}"
EndProject
Project("{9A19103F-16F7-4668-BE54-9A1E7A4F7556}") = "HostingStartup", "HostingStartup\HostingStartup.csproj", "{8EF740F8-6C9F-4328-8E88-937265F5FAF5}"
EndProject
Project("{9A19103F-16F7-4668-BE54-9A1E7A4F7556}") = "WebApp.FileProviders", "WebApp.FileProviders\WebApp.FileProviders.csproj", "{17E4A1B2-D494-4CFD-80A0-DB1293068091}"
EndProject
Project("{FAE04EC0-301F-11D3-BF4B-00C04F79EFBC}") = "WebApp.SignalR", "WebApp.SignalR\WebApp.SignalR.csproj", "{0D119A4F-B283-4040-99AC-3BBF536088B2}"
EndProject
Global
	GlobalSection(SolutionConfigurationPlatforms) = preSolution
		Debug|Any CPU = Debug|Any CPU
		Release|Any CPU = Release|Any CPU
	EndGlobalSection
	GlobalSection(ProjectConfigurationPlatforms) = postSolution
		{70A2B083-E960-4BBC-978D-FA5804C58D7A}.Debug|Any CPU.ActiveCfg = Debug|Any CPU
		{70A2B083-E960-4BBC-978D-FA5804C58D7A}.Debug|Any CPU.Build.0 = Debug|Any CPU
		{70A2B083-E960-4BBC-978D-FA5804C58D7A}.Release|Any CPU.ActiveCfg = Release|Any CPU
		{70A2B083-E960-4BBC-978D-FA5804C58D7A}.Release|Any CPU.Build.0 = Release|Any CPU
		{3099097E-CD3E-4F49-BB99-A935A180140A}.Debug|Any CPU.ActiveCfg = Debug|Any CPU
		{3099097E-CD3E-4F49-BB99-A935A180140A}.Debug|Any CPU.Build.0 = Debug|Any CPU
		{3099097E-CD3E-4F49-BB99-A935A180140A}.Release|Any CPU.ActiveCfg = Release|Any CPU
		{3099097E-CD3E-4F49-BB99-A935A180140A}.Release|Any CPU.Build.0 = Release|Any CPU
		{8EF740F8-6C9F-4328-8E88-937265F5FAF5}.Debug|Any CPU.ActiveCfg = Debug|Any CPU
		{8EF740F8-6C9F-4328-8E88-937265F5FAF5}.Debug|Any CPU.Build.0 = Debug|Any CPU
		{8EF740F8-6C9F-4328-8E88-937265F5FAF5}.Release|Any CPU.ActiveCfg = Release|Any CPU
		{8EF740F8-6C9F-4328-8E88-937265F5FAF5}.Release|Any CPU.Build.0 = Release|Any CPU
		{17E4A1B2-D494-4CFD-80A0-DB1293068091}.Debug|Any CPU.ActiveCfg = Debug|Any CPU
		{17E4A1B2-D494-4CFD-80A0-DB1293068091}.Debug|Any CPU.Build.0 = Debug|Any CPU
		{17E4A1B2-D494-4CFD-80A0-DB1293068091}.Release|Any CPU.ActiveCfg = Release|Any CPU
		{17E4A1B2-D494-4CFD-80A0-DB1293068091}.Release|Any CPU.Build.0 = Release|Any CPU
		{0D119A4F-B283-4040-99AC-3BBF536088B2}.Debug|Any CPU.ActiveCfg = Debug|Any CPU
		{0D119A4F-B283-4040-99AC-3BBF536088B2}.Debug|Any CPU.Build.0 = Debug|Any CPU
		{0D119A4F-B283-4040-99AC-3BBF536088B2}.Release|Any CPU.ActiveCfg = Release|Any CPU
		{0D119A4F-B283-4040-99AC-3BBF536088B2}.Release|Any CPU.Build.0 = Release|Any CPU
	EndGlobalSection
	GlobalSection(SolutionProperties) = preSolution
		HideSolutionNode = FALSE
	EndGlobalSection
	GlobalSection(ExtensibilityGlobals) = postSolution
		SolutionGuid = {BBB96817-6E68-4C8B-A131-9D7F7A722DC9}
	EndGlobalSection
EndGlobal
